// !$*UTF8*$!
{
	archiveVersion = 1;
	classes = {
	};
	objectVersion = 50;
	objects = {

/* Begin PBXBuildFile section */
		BB1ACD5E220BCBC300B1D8F2 /* MovieCell.swift in Sources */ = {isa = PBXBuildFile; fileRef = BB1ACD5D220BCBC300B1D8F2 /* MovieCell.swift */; };
		BB590D7E2214B9B9003A9BB9 /* MovieGridCell.swift in Sources */ = {isa = PBXBuildFile; fileRef = BB590D7D2214B9B9003A9BB9 /* MovieGridCell.swift */; };
		BB590D802214D395003A9BB9 /* SuperheroViewController.swift in Sources */ = {isa = PBXBuildFile; fileRef = BB590D7F2214D395003A9BB9 /* SuperheroViewController.swift */; };
		BB6CEE512212770400FCAF9D /* MovieDetailsViewController.swift in Sources */ = {isa = PBXBuildFile; fileRef = BB6CEE502212770400FCAF9D /* MovieDetailsViewController.swift */; };
		BBB477FF220BAB0400E94114 /* AppDelegate.swift in Sources */ = {isa = PBXBuildFile; fileRef = BBB477FE220BAB0400E94114 /* AppDelegate.swift */; };
		BBB47804220BAB0400E94114 /* Main.storyboard in Resources */ = {isa = PBXBuildFile; fileRef = BBB47802220BAB0400E94114 /* Main.storyboard */; };
		BBB47806220BAB0600E94114 /* Assets.xcassets in Resources */ = {isa = PBXBuildFile; fileRef = BBB47805220BAB0600E94114 /* Assets.xcassets */; };
		BBB47809220BAB0600E94114 /* LaunchScreen.storyboard in Resources */ = {isa = PBXBuildFile; fileRef = BBB47807220BAB0600E94114 /* LaunchScreen.storyboard */; };
		BBB47814220BAB0600E94114 /* flixsterTests.swift in Sources */ = {isa = PBXBuildFile; fileRef = BBB47813220BAB0600E94114 /* flixsterTests.swift */; };
		BBB4781F220BAB0700E94114 /* flixsterUITests.swift in Sources */ = {isa = PBXBuildFile; fileRef = BBB4781E220BAB0700E94114 /* flixsterUITests.swift */; };
		BBB4782D220BADA300E94114 /* MoviesViewController.swift in Sources */ = {isa = PBXBuildFile; fileRef = BBB4782C220BADA300E94114 /* MoviesViewController.swift */; };
		BBF56C05221384A700D538DC /* MovieGridViewController.swift in Sources */ = {isa = PBXBuildFile; fileRef = BBF56C04221384A700D538DC /* MovieGridViewController.swift */; };
		C6AFDF93DAD384AD3E94B011 /* Pods_flixsterTests.framework in Frameworks */ = {isa = PBXBuildFile; fileRef = 239043992EC75F031C019C01 /* Pods_flixsterTests.framework */; };
		D393F7F55E7FA4A8CEDE03F9 /* Pods_flixsterUITests.framework in Frameworks */ = {isa = PBXBuildFile; fileRef = AF1C8CF9CD541F135B50A6E5 /* Pods_flixsterUITests.framework */; };
		FCDE1282853F26E1A6C5F506 /* Pods_flixster.framework in Frameworks */ = {isa = PBXBuildFile; fileRef = B601732A120AC455FEB1C23C /* Pods_flixster.framework */; };
/* End PBXBuildFile section */

/* Begin PBXContainerItemProxy section */
		BBB47810220BAB0600E94114 /* PBXContainerItemProxy */ = {
			isa = PBXContainerItemProxy;
			containerPortal = BBB477F3220BAB0400E94114 /* Project object */;
			proxyType = 1;
			remoteGlobalIDString = BBB477FA220BAB0400E94114;
			remoteInfo = flixster;
		};
		BBB4781B220BAB0700E94114 /* PBXContainerItemProxy */ = {
			isa = PBXContainerItemProxy;
			containerPortal = BBB477F3220BAB0400E94114 /* Project object */;
			proxyType = 1;
			remoteGlobalIDString = BBB477FA220BAB0400E94114;
			remoteInfo = flixster;
		};
/* End PBXContainerItemProxy section */

/* Begin PBXFileReference section */
		06163B20F3B8BD90192ADEF7 /* Pods-flixster.release.xcconfig */ = {isa = PBXFileReference; includeInIndex = 1; lastKnownFileType = text.xcconfig; name = "Pods-flixster.release.xcconfig"; path = "Pods/Target Support Files/Pods-flixster/Pods-flixster.release.xcconfig"; sourceTree = "<group>"; };
		0F4B4C5CFDF58867784B4C3F /* Pods-flixster.debug.xcconfig */ = {isa = PBXFileReference; includeInIndex = 1; lastKnownFileType = text.xcconfig; name = "Pods-flixster.debug.xcconfig"; path = "Pods/Target Support Files/Pods-flixster/Pods-flixster.debug.xcconfig"; sourceTree = "<group>"; };
		239043992EC75F031C019C01 /* Pods_flixsterTests.framework */ = {isa = PBXFileReference; explicitFileType = wrapper.framework; includeInIndex = 0; path = Pods_flixsterTests.framework; sourceTree = BUILT_PRODUCTS_DIR; };
		35FF909F74C77EEB628A37CA /* Pods-flixsterTests.release.xcconfig */ = {isa = PBXFileReference; includeInIndex = 1; lastKnownFileType = text.xcconfig; name = "Pods-flixsterTests.release.xcconfig"; path = "Pods/Target Support Files/Pods-flixsterTests/Pods-flixsterTests.release.xcconfig"; sourceTree = "<group>"; };
		4D67A177718BBDB24B146D88 /* Pods-flixsterTests.debug.xcconfig */ = {isa = PBXFileReference; includeInIndex = 1; lastKnownFileType = text.xcconfig; name = "Pods-flixsterTests.debug.xcconfig"; path = "Pods/Target Support Files/Pods-flixsterTests/Pods-flixsterTests.debug.xcconfig"; sourceTree = "<group>"; };
		54FA3D831849DCA04499DC89 /* Pods-flixsterUITests.debug.xcconfig */ = {isa = PBXFileReference; includeInIndex = 1; lastKnownFileType = text.xcconfig; name = "Pods-flixsterUITests.debug.xcconfig"; path = "Pods/Target Support Files/Pods-flixsterUITests/Pods-flixsterUITests.debug.xcconfig"; sourceTree = "<group>"; };
		7A5231F42118D7EB66C3FEE9 /* Pods-flixsterUITests.release.xcconfig */ = {isa = PBXFileReference; includeInIndex = 1; lastKnownFileType = text.xcconfig; name = "Pods-flixsterUITests.release.xcconfig"; path = "Pods/Target Support Files/Pods-flixsterUITests/Pods-flixsterUITests.release.xcconfig"; sourceTree = "<group>"; };
		AF1C8CF9CD541F135B50A6E5 /* Pods_flixsterUITests.framework */ = {isa = PBXFileReference; explicitFileType = wrapper.framework; includeInIndex = 0; path = Pods_flixsterUITests.framework; sourceTree = BUILT_PRODUCTS_DIR; };
		B601732A120AC455FEB1C23C /* Pods_flixster.framework */ = {isa = PBXFileReference; explicitFileType = wrapper.framework; includeInIndex = 0; path = Pods_flixster.framework; sourceTree = BUILT_PRODUCTS_DIR; };
		BB1ACD5D220BCBC300B1D8F2 /* MovieCell.swift */ = {isa = PBXFileReference; lastKnownFileType = sourcecode.swift; path = MovieCell.swift; sourceTree = "<group>"; };
		BB590D7D2214B9B9003A9BB9 /* MovieGridCell.swift */ = {isa = PBXFileReference; lastKnownFileType = sourcecode.swift; path = MovieGridCell.swift; sourceTree = "<group>"; };
		BB590D7F2214D395003A9BB9 /* SuperheroViewController.swift */ = {isa = PBXFileReference; lastKnownFileType = sourcecode.swift; path = SuperheroViewController.swift; sourceTree = "<group>"; };
		BB6CEE502212770400FCAF9D /* MovieDetailsViewController.swift */ = {isa = PBXFileReference; lastKnownFileType = sourcecode.swift; path = MovieDetailsViewController.swift; sourceTree = "<group>"; };
		BBB477FB220BAB0400E94114 /* flixster.app */ = {isa = PBXFileReference; explicitFileType = wrapper.application; includeInIndex = 0; path = flixster.app; sourceTree = BUILT_PRODUCTS_DIR; };
		BBB477FE220BAB0400E94114 /* AppDelegate.swift */ = {isa = PBXFileReference; lastKnownFileType = sourcecode.swift; path = AppDelegate.swift; sourceTree = "<group>"; };
		BBB47803220BAB0400E94114 /* Base */ = {isa = PBXFileReference; lastKnownFileType = file.storyboard; name = Base; path = Base.lproj/Main.storyboard; sourceTree = "<group>"; };
		BBB47805220BAB0600E94114 /* Assets.xcassets */ = {isa = PBXFileReference; lastKnownFileType = folder.assetcatalog; path = Assets.xcassets; sourceTree = "<group>"; };
		BBB47808220BAB0600E94114 /* Base */ = {isa = PBXFileReference; lastKnownFileType = file.storyboard; name = Base; path = Base.lproj/LaunchScreen.storyboard; sourceTree = "<group>"; };
		BBB4780A220BAB0600E94114 /* Info.plist */ = {isa = PBXFileReference; lastKnownFileType = text.plist.xml; path = Info.plist; sourceTree = "<group>"; };
		BBB4780F220BAB0600E94114 /* flixsterTests.xctest */ = {isa = PBXFileReference; explicitFileType = wrapper.cfbundle; includeInIndex = 0; path = flixsterTests.xctest; sourceTree = BUILT_PRODUCTS_DIR; };
		BBB47813220BAB0600E94114 /* flixsterTests.swift */ = {isa = PBXFileReference; lastKnownFileType = sourcecode.swift; path = flixsterTests.swift; sourceTree = "<group>"; };
		BBB47815220BAB0700E94114 /* Info.plist */ = {isa = PBXFileReference; lastKnownFileType = text.plist.xml; path = Info.plist; sourceTree = "<group>"; };
		BBB4781A220BAB0700E94114 /* flixsterUITests.xctest */ = {isa = PBXFileReference; explicitFileType = wrapper.cfbundle; includeInIndex = 0; path = flixsterUITests.xctest; sourceTree = BUILT_PRODUCTS_DIR; };
		BBB4781E220BAB0700E94114 /* flixsterUITests.swift */ = {isa = PBXFileReference; lastKnownFileType = sourcecode.swift; path = flixsterUITests.swift; sourceTree = "<group>"; };
		BBB47820220BAB0700E94114 /* Info.plist */ = {isa = PBXFileReference; lastKnownFileType = text.plist.xml; path = Info.plist; sourceTree = "<group>"; };
		BBB4782C220BADA300E94114 /* MoviesViewController.swift */ = {isa = PBXFileReference; lastKnownFileType = sourcecode.swift; path = MoviesViewController.swift; sourceTree = "<group>"; };
		BBF56C04221384A700D538DC /* MovieGridViewController.swift */ = {isa = PBXFileReference; lastKnownFileType = sourcecode.swift; path = MovieGridViewController.swift; sourceTree = "<group>"; };
/* End PBXFileReference section */

/* Begin PBXFrameworksBuildPhase section */
		BBB477F8220BAB0400E94114 /* Frameworks */ = {
			isa = PBXFrameworksBuildPhase;
			buildActionMask = 2147483647;
			files = (
				FCDE1282853F26E1A6C5F506 /* Pods_flixster.framework in Frameworks */,
			);
			runOnlyForDeploymentPostprocessing = 0;
		};
		BBB4780C220BAB0600E94114 /* Frameworks */ = {
			isa = PBXFrameworksBuildPhase;
			buildActionMask = 2147483647;
			files = (
				C6AFDF93DAD384AD3E94B011 /* Pods_flixsterTests.framework in Frameworks */,
			);
			runOnlyForDeploymentPostprocessing = 0;
		};
		BBB47817220BAB0700E94114 /* Frameworks */ = {
			isa = PBXFrameworksBuildPhase;
			buildActionMask = 2147483647;
			files = (
				D393F7F55E7FA4A8CEDE03F9 /* Pods_flixsterUITests.framework in Frameworks */,
			);
			runOnlyForDeploymentPostprocessing = 0;
		};
/* End PBXFrameworksBuildPhase section */

/* Begin PBXGroup section */
		19C66E18C1340A20B1964D68 /* Pods */ = {
			isa = PBXGroup;
			children = (
				0F4B4C5CFDF58867784B4C3F /* Pods-flixster.debug.xcconfig */,
				06163B20F3B8BD90192ADEF7 /* Pods-flixster.release.xcconfig */,
				4D67A177718BBDB24B146D88 /* Pods-flixsterTests.debug.xcconfig */,
				35FF909F74C77EEB628A37CA /* Pods-flixsterTests.release.xcconfig */,
				54FA3D831849DCA04499DC89 /* Pods-flixsterUITests.debug.xcconfig */,
				7A5231F42118D7EB66C3FEE9 /* Pods-flixsterUITests.release.xcconfig */,
			);
			name = Pods;
			sourceTree = "<group>";
		};
		314A8EA4C25239ED9349A5B7 /* Frameworks */ = {
			isa = PBXGroup;
			children = (
				B601732A120AC455FEB1C23C /* Pods_flixster.framework */,
				239043992EC75F031C019C01 /* Pods_flixsterTests.framework */,
				AF1C8CF9CD541F135B50A6E5 /* Pods_flixsterUITests.framework */,
			);
			name = Frameworks;
			sourceTree = "<group>";
		};
		BBB477F2220BAB0400E94114 = {
			isa = PBXGroup;
			children = (
				BBB477FD220BAB0400E94114 /* flixster */,
				BBB47812220BAB0600E94114 /* flixsterTests */,
				BBB4781D220BAB0700E94114 /* flixsterUITests */,
				BBB477FC220BAB0400E94114 /* Products */,
				19C66E18C1340A20B1964D68 /* Pods */,
				314A8EA4C25239ED9349A5B7 /* Frameworks */,
			);
			sourceTree = "<group>";
		};
		BBB477FC220BAB0400E94114 /* Products */ = {
			isa = PBXGroup;
			children = (
				BBB477FB220BAB0400E94114 /* flixster.app */,
				BBB4780F220BAB0600E94114 /* flixsterTests.xctest */,
				BBB4781A220BAB0700E94114 /* flixsterUITests.xctest */,
			);
			name = Products;
			sourceTree = "<group>";
		};
		BBB477FD220BAB0400E94114 /* flixster */ = {
			isa = PBXGroup;
			children = (
				BBB477FE220BAB0400E94114 /* AppDelegate.swift */,
				BBB47802220BAB0400E94114 /* Main.storyboard */,
				BB590D7F2214D395003A9BB9 /* SuperheroViewController.swift */,
				BB1ACD5D220BCBC300B1D8F2 /* MovieCell.swift */,
				BBB4782C220BADA300E94114 /* MoviesViewController.swift */,
				BBB47805220BAB0600E94114 /* Assets.xcassets */,
				BBB47807220BAB0600E94114 /* LaunchScreen.storyboard */,
				BBB4780A220BAB0600E94114 /* Info.plist */,
				BB6CEE502212770400FCAF9D /* MovieDetailsViewController.swift */,
				BBF56C04221384A700D538DC /* MovieGridViewController.swift */,
				BB590D7D2214B9B9003A9BB9 /* MovieGridCell.swift */,
			);
			path = flixster;
			sourceTree = "<group>";
		};
		BBB47812220BAB0600E94114 /* flixsterTests */ = {
			isa = PBXGroup;
			children = (
				BBB47813220BAB0600E94114 /* flixsterTests.swift */,
				BBB47815220BAB0700E94114 /* Info.plist */,
			);
			path = flixsterTests;
			sourceTree = "<group>";
		};
		BBB4781D220BAB0700E94114 /* flixsterUITests */ = {
			isa = PBXGroup;
			children = (
				BBB4781E220BAB0700E94114 /* flixsterUITests.swift */,
				BBB47820220BAB0700E94114 /* Info.plist */,
			);
			path = flixsterUITests;
			sourceTree = "<group>";
		};
/* End PBXGroup section */

/* Begin PBXNativeTarget section */
		BBB477FA220BAB0400E94114 /* flixster */ = {
			isa = PBXNativeTarget;
			buildConfigurationList = BBB47823220BAB0700E94114 /* Build configuration list for PBXNativeTarget "flixster" */;
			buildPhases = (
				ABF739AE14D1D3AFBA5F0675 /* [CP] Check Pods Manifest.lock */,
				BBB477F7220BAB0400E94114 /* Sources */,
				BBB477F8220BAB0400E94114 /* Frameworks */,
				BBB477F9220BAB0400E94114 /* Resources */,
				16D37F293DD60B1CA2A38495 /* [CP] Embed Pods Frameworks */,
			);
			buildRules = (
			);
			dependencies = (
			);
			name = flixster;
			productName = flixster;
			productReference = BBB477FB220BAB0400E94114 /* flixster.app */;
			productType = "com.apple.product-type.application";
		};
		BBB4780E220BAB0600E94114 /* flixsterTests */ = {
			isa = PBXNativeTarget;
			buildConfigurationList = BBB47826220BAB0700E94114 /* Build configuration list for PBXNativeTarget "flixsterTests" */;
			buildPhases = (
				AD55A16491D1A3E82B64BF11 /* [CP] Check Pods Manifest.lock */,
				BBB4780B220BAB0600E94114 /* Sources */,
				BBB4780C220BAB0600E94114 /* Frameworks */,
				BBB4780D220BAB0600E94114 /* Resources */,
			);
			buildRules = (
			);
			dependencies = (
				BBB47811220BAB0600E94114 /* PBXTargetDependency */,
			);
			name = flixsterTests;
			productName = flixsterTests;
			productReference = BBB4780F220BAB0600E94114 /* flixsterTests.xctest */;
			productType = "com.apple.product-type.bundle.unit-test";
		};
		BBB47819220BAB0700E94114 /* flixsterUITests */ = {
			isa = PBXNativeTarget;
			buildConfigurationList = BBB47829220BAB0700E94114 /* Build configuration list for PBXNativeTarget "flixsterUITests" */;
			buildPhases = (
				ACF9B4720516122E7A76C082 /* [CP] Check Pods Manifest.lock */,
				BBB47816220BAB0700E94114 /* Sources */,
				BBB47817220BAB0700E94114 /* Frameworks */,
				BBB47818220BAB0700E94114 /* Resources */,
			);
			buildRules = (
			);
			dependencies = (
				BBB4781C220BAB0700E94114 /* PBXTargetDependency */,
			);
			name = flixsterUITests;
			productName = flixsterUITests;
			productReference = BBB4781A220BAB0700E94114 /* flixsterUITests.xctest */;
			productType = "com.apple.product-type.bundle.ui-testing";
		};
/* End PBXNativeTarget section */

/* Begin PBXProject section */
		BBB477F3220BAB0400E94114 /* Project object */ = {
			isa = PBXProject;
			attributes = {
				LastSwiftUpdateCheck = 0940;
				LastUpgradeCheck = 0940;
				ORGANIZATIONNAME = "Alec Tenefrancia";
				TargetAttributes = {
					BBB477FA220BAB0400E94114 = {
						CreatedOnToolsVersion = 9.4.1;
					};
					BBB4780E220BAB0600E94114 = {
						CreatedOnToolsVersion = 9.4.1;
						TestTargetID = BBB477FA220BAB0400E94114;
					};
					BBB47819220BAB0700E94114 = {
						CreatedOnToolsVersion = 9.4.1;
						TestTargetID = BBB477FA220BAB0400E94114;
					};
				};
			};
			buildConfigurationList = BBB477F6220BAB0400E94114 /* Build configuration list for PBXProject "flixster" */;
			compatibilityVersion = "Xcode 9.3";
			developmentRegion = en;
			hasScannedForEncodings = 0;
			knownRegions = (
				en,
				Base,
			);
			mainGroup = BBB477F2220BAB0400E94114;
			productRefGroup = BBB477FC220BAB0400E94114 /* Products */;
			projectDirPath = "";
			projectRoot = "";
			targets = (
				BBB477FA220BAB0400E94114 /* flixster */,
				BBB4780E220BAB0600E94114 /* flixsterTests */,
				BBB47819220BAB0700E94114 /* flixsterUITests */,
			);
		};
/* End PBXProject section */

/* Begin PBXResourcesBuildPhase section */
		BBB477F9220BAB0400E94114 /* Resources */ = {
			isa = PBXResourcesBuildPhase;
			buildActionMask = 2147483647;
			files = (
				BBB47809220BAB0600E94114 /* LaunchScreen.storyboard in Resources */,
				BBB47806220BAB0600E94114 /* Assets.xcassets in Resources */,
				BBB47804220BAB0400E94114 /* Main.storyboard in Resources */,
			);
			runOnlyForDeploymentPostprocessing = 0;
		};
		BBB4780D220BAB0600E94114 /* Resources */ = {
			isa = PBXResourcesBuildPhase;
			buildActionMask = 2147483647;
			files = (
			);
			runOnlyForDeploymentPostprocessing = 0;
		};
		BBB47818220BAB0700E94114 /* Resources */ = {
			isa = PBXResourcesBuildPhase;
			buildActionMask = 2147483647;
			files = (
			);
			runOnlyForDeploymentPostprocessing = 0;
		};
/* End PBXResourcesBuildPhase section */

/* Begin PBXShellScriptBuildPhase section */
		16D37F293DD60B1CA2A38495 /* [CP] Embed Pods Frameworks */ = {
			isa = PBXShellScriptBuildPhase;
			buildActionMask = 2147483647;
			files = (
			);
			inputPaths = (
				"${SRCROOT}/Pods/Target Support Files/Pods-flixster/Pods-flixster-frameworks.sh",
				"${BUILT_PRODUCTS_DIR}/Alamofire/Alamofire.framework",
				"${BUILT_PRODUCTS_DIR}/AlamofireImage/AlamofireImage.framework",
			);
			name = "[CP] Embed Pods Frameworks";
			outputPaths = (
				"${TARGET_BUILD_DIR}/${FRAMEWORKS_FOLDER_PATH}/Alamofire.framework",
				"${TARGET_BUILD_DIR}/${FRAMEWORKS_FOLDER_PATH}/AlamofireImage.framework",
			);
			runOnlyForDeploymentPostprocessing = 0;
			shellPath = /bin/sh;
			shellScript = "\"${SRCROOT}/Pods/Target Support Files/Pods-flixster/Pods-flixster-frameworks.sh\"\n";
			showEnvVarsInLog = 0;
		};
		ABF739AE14D1D3AFBA5F0675 /* [CP] Check Pods Manifest.lock */ = {
			isa = PBXShellScriptBuildPhase;
			buildActionMask = 2147483647;
			files = (
			);
			inputPaths = (
				"${PODS_PODFILE_DIR_PATH}/Podfile.lock",
				"${PODS_ROOT}/Manifest.lock",
			);
			name = "[CP] Check Pods Manifest.lock";
			outputPaths = (
				"$(DERIVED_FILE_DIR)/Pods-flixster-checkManifestLockResult.txt",
			);
			runOnlyForDeploymentPostprocessing = 0;
			shellPath = /bin/sh;
			shellScript = "diff \"${PODS_PODFILE_DIR_PATH}/Podfile.lock\" \"${PODS_ROOT}/Manifest.lock\" > /dev/null\nif [ $? != 0 ] ; then\n    # print error to STDERR\n    echo \"error: The sandbox is not in sync with the Podfile.lock. Run 'pod install' or update your CocoaPods installation.\" >&2\n    exit 1\nfi\n# This output is used by Xcode 'outputs' to avoid re-running this script phase.\necho \"SUCCESS\" > \"${SCRIPT_OUTPUT_FILE_0}\"\n";
			showEnvVarsInLog = 0;
		};
		ACF9B4720516122E7A76C082 /* [CP] Check Pods Manifest.lock */ = {
			isa = PBXShellScriptBuildPhase;
			buildActionMask = 2147483647;
			files = (
			);
			inputPaths = (
				"${PODS_PODFILE_DIR_PATH}/Podfile.lock",
				"${PODS_ROOT}/Manifest.lock",
			);
			name = "[CP] Check Pods Manifest.lock";
			outputPaths = (
				"$(DERIVED_FILE_DIR)/Pods-flixsterUITests-checkManifestLockResult.txt",
			);
			runOnlyForDeploymentPostprocessing = 0;
			shellPath = /bin/sh;
			shellScript = "diff \"${PODS_PODFILE_DIR_PATH}/Podfile.lock\" \"${PODS_ROOT}/Manifest.lock\" > /dev/null\nif [ $? != 0 ] ; then\n    # print error to STDERR\n    echo \"error: The sandbox is not in sync with the Podfile.lock. Run 'pod install' or update your CocoaPods installation.\" >&2\n    exit 1\nfi\n# This output is used by Xcode 'outputs' to avoid re-running this script phase.\necho \"SUCCESS\" > \"${SCRIPT_OUTPUT_FILE_0}\"\n";
			showEnvVarsInLog = 0;
		};
		AD55A16491D1A3E82B64BF11 /* [CP] Check Pods Manifest.lock */ = {
			isa = PBXShellScriptBuildPhase;
			buildActionMask = 2147483647;
			files = (
			);
			inputPaths = (
				"${PODS_PODFILE_DIR_PATH}/Podfile.lock",
				"${PODS_ROOT}/Manifest.lock",
			);
			name = "[CP] Check Pods Manifest.lock";
			outputPaths = (
				"$(DERIVED_FILE_DIR)/Pods-flixsterTests-checkManifestLockResult.txt",
			);
			runOnlyForDeploymentPostprocessing = 0;
			shellPath = /bin/sh;
			shellScript = "diff \"${PODS_PODFILE_DIR_PATH}/Podfile.lock\" \"${PODS_ROOT}/Manifest.lock\" > /dev/null\nif [ $? != 0 ] ; then\n    # print error to STDERR\n    echo \"error: The sandbox is not in sync with the Podfile.lock. Run 'pod install' or update your CocoaPods installation.\" >&2\n    exit 1\nfi\n# This output is used by Xcode 'outputs' to avoid re-running this script phase.\necho \"SUCCESS\" > \"${SCRIPT_OUTPUT_FILE_0}\"\n";
			showEnvVarsInLog = 0;
		};
/* End PBXShellScriptBuildPhase section */

/* Begin PBXSourcesBuildPhase section */
		BBB477F7220BAB0400E94114 /* Sources */ = {
			isa = PBXSourcesBuildPhase;
			buildActionMask = 2147483647;
			files = (
				BBF56C05221384A700D538DC /* MovieGridViewController.swift in Sources */,
				BB6CEE512212770400FCAF9D /* MovieDetailsViewController.swift in Sources */,
				BBB477FF220BAB0400E94114 /* AppDelegate.swift in Sources */,
				BBB4782D220BADA300E94114 /* MoviesViewController.swift in Sources */,
				BB590D802214D395003A9BB9 /* SuperheroViewController.swift in Sources */,
				BB590D7E2214B9B9003A9BB9 /* MovieGridCell.swift in Sources */,
				BB1ACD5E220BCBC300B1D8F2 /* MovieCell.swift in Sources */,
			);
			runOnlyForDeploymentPostprocessing = 0;
		};
		BBB4780B220BAB0600E94114 /* Sources */ = {
			isa = PBXSourcesBuildPhase;
			buildActionMask = 2147483647;
			files = (
				BBB47814220BAB0600E94114 /* flixsterTests.swift in Sources */,
			);
			runOnlyForDeploymentPostprocessing = 0;
		};
		BBB47816220BAB0700E94114 /* Sources */ = {
			isa = PBXSourcesBuildPhase;
			buildActionMask = 2147483647;
			files = (
				BBB4781F220BAB0700E94114 /* flixsterUITests.swift in Sources */,
			);
			runOnlyForDeploymentPostprocessing = 0;
		};
/* End PBXSourcesBuildPhase section */

/* Begin PBXTargetDependency section */
		BBB47811220BAB0600E94114 /* PBXTargetDependency */ = {
			isa = PBXTargetDependency;
			target = BBB477FA220BAB0400E94114 /* flixster */;
			targetProxy = BBB47810220BAB0600E94114 /* PBXContainerItemProxy */;
		};
		BBB4781C220BAB0700E94114 /* PBXTargetDependency */ = {
			isa = PBXTargetDependency;
			target = BBB477FA220BAB0400E94114 /* flixster */;
			targetProxy = BBB4781B220BAB0700E94114 /* PBXContainerItemProxy */;
		};
/* End PBXTargetDependency section */

/* Begin PBXVariantGroup section */
		BBB47802220BAB0400E94114 /* Main.storyboard */ = {
			isa = PBXVariantGroup;
			children = (
				BBB47803220BAB0400E94114 /* Base */,
			);
			name = Main.storyboard;
			sourceTree = "<group>";
		};
		BBB47807220BAB0600E94114 /* LaunchScreen.storyboard */ = {
			isa = PBXVariantGroup;
			children = (
				BBB47808220BAB0600E94114 /* Base */,
			);
			name = LaunchScreen.storyboard;
			sourceTree = "<group>";
		};
/* End PBXVariantGroup section */

/* Begin XCBuildConfiguration section */
		BBB47821220BAB0700E94114 /* Debug */ = {
			isa = XCBuildConfiguration;
			buildSettings = {
				ALWAYS_SEARCH_USER_PATHS = NO;
				CLANG_ANALYZER_NONNULL = YES;
				CLANG_ANALYZER_NUMBER_OBJECT_CONVERSION = YES_AGGRESSIVE;
				CLANG_CXX_LANGUAGE_STANDARD = "gnu++14";
				CLANG_CXX_LIBRARY = "libc++";
				CLANG_ENABLE_MODULES = YES;
				CLANG_ENABLE_OBJC_ARC = YES;
				CLANG_ENABLE_OBJC_WEAK = YES;
				CLANG_WARN_BLOCK_CAPTURE_AUTORELEASING = YES;
				CLANG_WARN_BOOL_CONVERSION = YES;
				CLANG_WARN_COMMA = YES;
				CLANG_WARN_CONSTANT_CONVERSION = YES;
				CLANG_WARN_DEPRECATED_OBJC_IMPLEMENTATIONS = YES;
				CLANG_WARN_DIRECT_OBJC_ISA_USAGE = YES_ERROR;
				CLANG_WARN_DOCUMENTATION_COMMENTS = YES;
				CLANG_WARN_EMPTY_BODY = YES;
				CLANG_WARN_ENUM_CONVERSION = YES;
				CLANG_WARN_INFINITE_RECURSION = YES;
				CLANG_WARN_INT_CONVERSION = YES;
				CLANG_WARN_NON_LITERAL_NULL_CONVERSION = YES;
				CLANG_WARN_OBJC_IMPLICIT_RETAIN_SELF = YES;
				CLANG_WARN_OBJC_LITERAL_CONVERSION = YES;
				CLANG_WARN_OBJC_ROOT_CLASS = YES_ERROR;
				CLANG_WARN_RANGE_LOOP_ANALYSIS = YES;
				CLANG_WARN_STRICT_PROTOTYPES = YES;
				CLANG_WARN_SUSPICIOUS_MOVE = YES;
				CLANG_WARN_UNGUARDED_AVAILABILITY = YES_AGGRESSIVE;
				CLANG_WARN_UNREACHABLE_CODE = YES;
				CLANG_WARN__DUPLICATE_METHOD_MATCH = YES;
				CODE_SIGN_IDENTITY = "iPhone Developer";
				COPY_PHASE_STRIP = NO;
				DEBUG_INFORMATION_FORMAT = dwarf;
				ENABLE_STRICT_OBJC_MSGSEND = YES;
				ENABLE_TESTABILITY = YES;
				GCC_C_LANGUAGE_STANDARD = gnu11;
				GCC_DYNAMIC_NO_PIC = NO;
				GCC_NO_COMMON_BLOCKS = YES;
				GCC_OPTIMIZATION_LEVEL = 0;
				GCC_PREPROCESSOR_DEFINITIONS = (
					"DEBUG=1",
					"$(inherited)",
				);
				GCC_WARN_64_TO_32_BIT_CONVERSION = YES;
				GCC_WARN_ABOUT_RETURN_TYPE = YES_ERROR;
				GCC_WARN_UNDECLARED_SELECTOR = YES;
				GCC_WARN_UNINITIALIZED_AUTOS = YES_AGGRESSIVE;
				GCC_WARN_UNUSED_FUNCTION = YES;
				GCC_WARN_UNUSED_VARIABLE = YES;
				IPHONEOS_DEPLOYMENT_TARGET = 11.4;
				MTL_ENABLE_DEBUG_INFO = YES;
				ONLY_ACTIVE_ARCH = YES;
				SDKROOT = iphoneos;
				SWIFT_ACTIVE_COMPILATION_CONDITIONS = DEBUG;
				SWIFT_OPTIMIZATION_LEVEL = "-Onone";
			};
			name = Debug;
		};
		BBB47822220BAB0700E94114 /* Release */ = {
			isa = XCBuildConfiguration;
			buildSettings = {
				ALWAYS_SEARCH_USER_PATHS = NO;
				CLANG_ANALYZER_NONNULL = YES;
				CLANG_ANALYZER_NUMBER_OBJECT_CONVERSION = YES_AGGRESSIVE;
				CLANG_CXX_LANGUAGE_STANDARD = "gnu++14";
				CLANG_CXX_LIBRARY = "libc++";
				CLANG_ENABLE_MODULES = YES;
				CLANG_ENABLE_OBJC_ARC = YES;
				CLANG_ENABLE_OBJC_WEAK = YES;
				CLANG_WARN_BLOCK_CAPTURE_AUTORELEASING = YES;
				CLANG_WARN_BOOL_CONVERSION = YES;
				CLANG_WARN_COMMA = YES;
				CLANG_WARN_CONSTANT_CONVERSION = YES;
				CLANG_WARN_DEPRECATED_OBJC_IMPLEMENTATIONS = YES;
				CLANG_WARN_DIRECT_OBJC_ISA_USAGE = YES_ERROR;
				CLANG_WARN_DOCUMENTATION_COMMENTS = YES;
				CLANG_WARN_EMPTY_BODY = YES;
				CLANG_WARN_ENUM_CONVERSION = YES;
				CLANG_WARN_INFINITE_RECURSION = YES;
				CLANG_WARN_INT_CONVERSION = YES;
				CLANG_WARN_NON_LITERAL_NULL_CONVERSION = YES;
				CLANG_WARN_OBJC_IMPLICIT_RETAIN_SELF = YES;
				CLANG_WARN_OBJC_LITERAL_CONVERSION = YES;
				CLANG_WARN_OBJC_ROOT_CLASS = YES_ERROR;
				CLANG_WARN_RANGE_LOOP_ANALYSIS = YES;
				CLANG_WARN_STRICT_PROTOTYPES = YES;
				CLANG_WARN_SUSPICIOUS_MOVE = YES;
				CLANG_WARN_UNGUARDED_AVAILABILITY = YES_AGGRESSIVE;
				CLANG_WARN_UNREACHABLE_CODE = YES;
				CLANG_WARN__DUPLICATE_METHOD_MATCH = YES;
				CODE_SIGN_IDENTITY = "iPhone Developer";
				COPY_PHASE_STRIP = NO;
				DEBUG_INFORMATION_FORMAT = "dwarf-with-dsym";
				ENABLE_NS_ASSERTIONS = NO;
				ENABLE_STRICT_OBJC_MSGSEND = YES;
				GCC_C_LANGUAGE_STANDARD = gnu11;
				GCC_NO_COMMON_BLOCKS = YES;
				GCC_WARN_64_TO_32_BIT_CONVERSION = YES;
				GCC_WARN_ABOUT_RETURN_TYPE = YES_ERROR;
				GCC_WARN_UNDECLARED_SELECTOR = YES;
				GCC_WARN_UNINITIALIZED_AUTOS = YES_AGGRESSIVE;
				GCC_WARN_UNUSED_FUNCTION = YES;
				GCC_WARN_UNUSED_VARIABLE = YES;
				IPHONEOS_DEPLOYMENT_TARGET = 11.4;
				MTL_ENABLE_DEBUG_INFO = NO;
				SDKROOT = iphoneos;
				SWIFT_COMPILATION_MODE = wholemodule;
				SWIFT_OPTIMIZATION_LEVEL = "-O";
				VALIDATE_PRODUCT = YES;
			};
			name = Release;
		};
		BBB47824220BAB0700E94114 /* Debug */ = {
			isa = XCBuildConfiguration;
			baseConfigurationReference = 0F4B4C5CFDF58867784B4C3F /* Pods-flixster.debug.xcconfig */;
			buildSettings = {
				ASSETCATALOG_COMPILER_APPICON_NAME = AppIcon;
				CODE_SIGN_STYLE = Automatic;
				INFOPLIST_FILE = flixster/Info.plist;
				LD_RUNPATH_SEARCH_PATHS = (
					"$(inherited)",
					"@executable_path/Frameworks",
				);
				PRODUCT_BUNDLE_IDENTIFIER = com.codepath.flixster;
				PRODUCT_NAME = "$(TARGET_NAME)";
				SWIFT_VERSION = 4.0;
				TARGETED_DEVICE_FAMILY = "1,2";
			};
			name = Debug;
		};
		BBB47825220BAB0700E94114 /* Release */ = {
			isa = XCBuildConfiguration;
			baseConfigurationReference = 06163B20F3B8BD90192ADEF7 /* Pods-flixster.release.xcconfig */;
			buildSettings = {
				ASSETCATALOG_COMPILER_APPICON_NAME = AppIcon;
				CODE_SIGN_STYLE = Automatic;
				INFOPLIST_FILE = flixster/Info.plist;
				LD_RUNPATH_SEARCH_PATHS = (
					"$(inherited)",
					"@executable_path/Frameworks",
				);
				PRODUCT_BUNDLE_IDENTIFIER = com.codepath.flixster;
				PRODUCT_NAME = "$(TARGET_NAME)";
				SWIFT_VERSION = 4.0;
				TARGETED_DEVICE_FAMILY = "1,2";
			};
			name = Release;
		};
		BBB47827220BAB0700E94114 /* Debug */ = {
			isa = XCBuildConfiguration;
			baseConfigurationReference = 4D67A177718BBDB24B146D88 /* Pods-flixsterTests.debug.xcconfig */;
			buildSettings = {
				ALWAYS_EMBED_SWIFT_STANDARD_LIBRARIES = YES;
				BUNDLE_LOADER = "$(TEST_HOST)";
				CODE_SIGN_STYLE = Automatic;
				INFOPLIST_FILE = flixsterTests/Info.plist;
				LD_RUNPATH_SEARCH_PATHS = (
					"$(inherited)",
					"@executable_path/Frameworks",
					"@loader_path/Frameworks",
				);
				PRODUCT_BUNDLE_IDENTIFIER = com.codepath.flixsterTests;
				PRODUCT_NAME = "$(TARGET_NAME)";
				SWIFT_VERSION = 4.0;
				TARGETED_DEVICE_FAMILY = "1,2";
				TEST_HOST = "$(BUILT_PRODUCTS_DIR)/flixster.app/flixster";
			};
			name = Debug;
		};
		BBB47828220BAB0700E94114 /* Release */ = {
			isa = XCBuildConfiguration;
			baseConfigurationReference = 35FF909F74C77EEB628A37CA /* Pods-flixsterTests.release.xcconfig */;
			buildSettings = {
				ALWAYS_EMBED_SWIFT_STANDARD_LIBRARIES = YES;
				BUNDLE_LOADER = "$(TEST_HOST)";
				CODE_SIGN_STYLE = Automatic;
				INFOPLIST_FILE = flixsterTests/Info.plist;
				LD_RUNPATH_SEARCH_PATHS = (
					"$(inherited)",
					"@executable_path/Frameworks",
					"@loader_path/Frameworks",
				);
				PRODUCT_BUNDLE_IDENTIFIER = com.codepath.flixsterTests;
				PRODUCT_NAME = "$(TARGET_NAME)";
				SWIFT_VERSION = 4.0;
				TARGETED_DEVICE_FAMILY = "1,2";
				TEST_HOST = "$(BUILT_PRODUCTS_DIR)/flixster.app/flixster";
			};
			name = Release;
		};
		BBB4782A220BAB0700E94114 /* Debug */ = {
			isa = XCBuildConfiguration;
			baseConfigurationReference = 54FA3D831849DCA04499DC89 /* Pods-flixsterUITests.debug.xcconfig */;
			buildSettings = {
				ALWAYS_EMBED_SWIFT_STANDARD_LIBRARIES = YES;
				CODE_SIGN_STYLE = Automatic;
				INFOPLIST_FILE = flixsterUITests/Info.plist;
				LD_RUNPATH_SEARCH_PATHS = (
					"$(inherited)",
					"@executable_path/Frameworks",
					"@loader_path/Frameworks",
				);
				PRODUCT_BUNDLE_IDENTIFIER = com.codepath.flixsterUITests;
				PRODUCT_NAME = "$(TARGET_NAME)";
				SWIFT_VERSION = 4.0;
				TARGETED_DEVICE_FAMILY = "1,2";
				TEST_TARGET_NAME = flixster;
			};
			name = Debug;
		};
		BBB4782B220BAB0700E94114 /* Release */ = {
			isa = XCBuildConfiguration;
			baseConfigurationReference = 7A5231F42118D7EB66C3FEE9 /* Pods-flixsterUITests.release.xcconfig */;
			buildSettings = {
				ALWAYS_EMBED_SWIFT_STANDARD_LIBRARIES = YES;
				CODE_SIGN_STYLE = Automatic;
				INFOPLIST_FILE = flixsterUITests/Info.plist;
				LD_RUNPATH_SEARCH_PATHS = (
					"$(inherited)",
					"@executable_path/Frameworks",
					"@loader_path/Frameworks",
				);
				PRODUCT_BUNDLE_IDENTIFIER = com.codepath.flixsterUITests;
				PRODUCT_NAME = "$(TARGET_NAME)";
				SWIFT_VERSION = 4.0;
				TARGETED_DEVICE_FAMILY = "1,2";
				TEST_TARGET_NAME = flixster;
			};
			name = Release;
		};
/* End XCBuildConfiguration section */

/* Begin XCConfigurationList section */
		BBB477F6220BAB0400E94114 /* Build configuration list for PBXProject "flixster" */ = {
			isa = XCConfigurationList;
			buildConfigurations = (
				BBB47821220BAB0700E94114 /* Debug */,
				BBB47822220BAB0700E94114 /* Release */,
			);
			defaultConfigurationIsVisible = 0;
			defaultConfigurationName = Release;
		};
		BBB47823220BAB0700E94114 /* Build configuration list for PBXNativeTarget "flixster" */ = {
			isa = XCConfigurationList;
			buildConfigurations = (
				BBB47824220BAB0700E94114 /* Debug */,
				BBB47825220BAB0700E94114 /* Release */,
			);
			defaultConfigurationIsVisible = 0;
			defaultConfigurationName = Release;
		};
		BBB47826220BAB0700E94114 /* Build configuration list for PBXNativeTarget "flixsterTests" */ = {
			isa = XCConfigurationList;
			buildConfigurations = (
				BBB47827220BAB0700E94114 /* Debug */,
				BBB47828220BAB0700E94114 /* Release */,
			);
			defaultConfigurationIsVisible = 0;
			defaultConfigurationName = Release;
		};
		BBB47829220BAB0700E94114 /* Build configuration list for PBXNativeTarget "flixsterUITests" */ = {
			isa = XCConfigurationList;
			buildConfigurations = (
				BBB4782A220BAB0700E94114 /* Debug */,
				BBB4782B220BAB0700E94114 /* Release */,
			);
			defaultConfigurationIsVisible = 0;
			defaultConfigurationName = Release;
		};
/* End XCConfigurationList section */
	};
	rootObject = BBB477F3220BAB0400E94114 /* Project object */;
}
